// !$*UTF8*$!
{
	archiveVersion = 1;
	classes = {
	};
	objectVersion = 46;
	objects = {

/* Begin PBXBuildFile section */
		2B136EB41822EA980082A816 /* PAArmor.m in Sources */ = {isa = PBXBuildFile; fileRef = 2B136EB31822EA980082A816 /* PAArmor.m */; };
		2B136EB71822EAA30082A816 /* PAWeapon.m in Sources */ = {isa = PBXBuildFile; fileRef = 2B136EB61822EAA30082A816 /* PAWeapon.m */; };
		2B136EBA1822EAE50082A816 /* PAPlayer.m in Sources */ = {isa = PBXBuildFile; fileRef = 2B136EB91822EAE50082A816 /* PAPlayer.m */; };
		2B136EBD1822EAF30082A816 /* PABoss.m in Sources */ = {isa = PBXBuildFile; fileRef = 2B136EBC1822EAF30082A816 /* PABoss.m */; };
		2B63CC7518213DC5001352DD /* Foundation.framework in Frameworks */ = {isa = PBXBuildFile; fileRef = 2B63CC7418213DC5001352DD /* Foundation.framework */; };
		2B63CC7718213DC5001352DD /* CoreGraphics.framework in Frameworks */ = {isa = PBXBuildFile; fileRef = 2B63CC7618213DC5001352DD /* CoreGraphics.framework */; };
		2B63CC7918213DC5001352DD /* UIKit.framework in Frameworks */ = {isa = PBXBuildFile; fileRef = 2B63CC7818213DC5001352DD /* UIKit.framework */; };
		2B63CC7F18213DC5001352DD /* InfoPlist.strings in Resources */ = {isa = PBXBuildFile; fileRef = 2B63CC7D18213DC5001352DD /* InfoPlist.strings */; };
		2B63CC8118213DC5001352DD /* main.m in Sources */ = {isa = PBXBuildFile; fileRef = 2B63CC8018213DC5001352DD /* main.m */; };
		2B63CC8518213DC5001352DD /* PAAppDelegate.m in Sources */ = {isa = PBXBuildFile; fileRef = 2B63CC8418213DC5001352DD /* PAAppDelegate.m */; };
		2B63CC8818213DC5001352DD /* Main.storyboard in Resources */ = {isa = PBXBuildFile; fileRef = 2B63CC8618213DC5001352DD /* Main.storyboard */; };
		2B63CC8B18213DC5001352DD /* PAViewController.m in Sources */ = {isa = PBXBuildFile; fileRef = 2B63CC8A18213DC5001352DD /* PAViewController.m */; };
		2B63CC8D18213DC5001352DD /* Images.xcassets in Resources */ = {isa = PBXBuildFile; fileRef = 2B63CC8C18213DC5001352DD /* Images.xcassets */; };
		2B63CC9418213DC5001352DD /* XCTest.framework in Frameworks */ = {isa = PBXBuildFile; fileRef = 2B63CC9318213DC5001352DD /* XCTest.framework */; };
		2B63CC9518213DC5001352DD /* Foundation.framework in Frameworks */ = {isa = PBXBuildFile; fileRef = 2B63CC7418213DC5001352DD /* Foundation.framework */; };
		2B63CC9618213DC5001352DD /* UIKit.framework in Frameworks */ = {isa = PBXBuildFile; fileRef = 2B63CC7818213DC5001352DD /* UIKit.framework */; };
		2B63CC9E18213DC5001352DD /* InfoPlist.strings in Resources */ = {isa = PBXBuildFile; fileRef = 2B63CC9C18213DC5001352DD /* InfoPlist.strings */; };
		2B63CCA018213DC5001352DD /* Pirate_AdventureTests.m in Sources */ = {isa = PBXBuildFile; fileRef = 2B63CC9F18213DC5001352DD /* Pirate_AdventureTests.m */; };
		2B63CCAB18219711001352DD /* PATile.m in Sources */ = {isa = PBXBuildFile; fileRef = 2B63CCAA18219711001352DD /* PATile.m */; };
		2B63CCB018219741001352DD /* PAFactory.m in Sources */ = {isa = PBXBuildFile; fileRef = 2B63CCAF18219741001352DD /* PAFactory.m */; };
		2B63CCBD18219DDF001352DD /* PirateWeapons.jpeg in Resources */ = {isa = PBXBuildFile; fileRef = 2B63CCB118219DDF001352DD /* PirateWeapons.jpeg */; };
		2B63CCBE18219DDF001352DD /* PirateTreasurer2.jpeg in Resources */ = {isa = PBXBuildFile; fileRef = 2B63CCB218219DDF001352DD /* PirateTreasurer2.jpeg */; };
		2B63CCBF18219DDF001352DD /* PirateTreasure.jpeg in Resources */ = {isa = PBXBuildFile; fileRef = 2B63CCB318219DDF001352DD /* PirateTreasure.jpeg */; };
		2B63CCC018219DDF001352DD /* PirateStart.jpg in Resources */ = {isa = PBXBuildFile; fileRef = 2B63CCB418219DDF001352DD /* PirateStart.jpg */; };
		2B63CCC118219DDF001352DD /* PirateShipBattle.jpeg in Resources */ = {isa = PBXBuildFile; fileRef = 2B63CCB518219DDF001352DD /* PirateShipBattle.jpeg */; };
		2B63CCC218219DDF001352DD /* PiratePlank.jpg in Resources */ = {isa = PBXBuildFile; fileRef = 2B63CCB618219DDF001352DD /* PiratePlank.jpg */; };
		2B63CCC318219DDF001352DD /* PirateParrot.jpg in Resources */ = {isa = PBXBuildFile; fileRef = 2B63CCB718219DDF001352DD /* PirateParrot.jpg */; };
		2B63CCC418219DDF001352DD /* PirateOctopusAttack.jpg in Resources */ = {isa = PBXBuildFile; fileRef = 2B63CCB818219DDF001352DD /* PirateOctopusAttack.jpg */; };
		2B63CCC518219DDF001352DD /* PirateFriendlyDock.jpg in Resources */ = {isa = PBXBuildFile; fileRef = 2B63CCB918219DDF001352DD /* PirateFriendlyDock.jpg */; };
		2B63CCC618219DDF001352DD /* PirateBoss.jpeg in Resources */ = {isa = PBXBuildFile; fileRef = 2B63CCBA18219DDF001352DD /* PirateBoss.jpeg */; };
		2B63CCC718219DDF001352DD /* PirateBlacksmith.jpeg in Resources */ = {isa = PBXBuildFile; fileRef = 2B63CCBB18219DDF001352DD /* PirateBlacksmith.jpeg */; };
		2B63CCC818219DDF001352DD /* PirateAttack.jpg in Resources */ = {isa = PBXBuildFile; fileRef = 2B63CCBC18219DDF001352DD /* PirateAttack.jpg */; };
		2B9B8D9D1828318200F7DDB8 /* QuartzCore.framework in Frameworks */ = {isa = PBXBuildFile; fileRef = 2B9B8D9C1828318200F7DDB8 /* QuartzCore.framework */; };
		2B9B8DA0182831B000F7DDB8 /* Toast+UIView.m in Sources */ = {isa = PBXBuildFile; fileRef = 2B9B8D9F182831B000F7DDB8 /* Toast+UIView.m */; };
/* End PBXBuildFile section */

/* Begin PBXContainerItemProxy section */
		2B63CC9718213DC5001352DD /* PBXContainerItemProxy */ = {
			isa = PBXContainerItemProxy;
			containerPortal = 2B63CC6918213DC5001352DD /* Project object */;
			proxyType = 1;
			remoteGlobalIDString = 2B63CC7018213DC5001352DD;
			remoteInfo = "Pirate Adventure";
		};
/* End PBXContainerItemProxy section */

/* Begin PBXFileReference section */
		2B136EB21822EA980082A816 /* PAArmor.h */ = {isa = PBXFileReference; fileEncoding = 4; lastKnownFileType = sourcecode.c.h; path = PAArmor.h; sourceTree = "<group>"; };
		2B136EB31822EA980082A816 /* PAArmor.m */ = {isa = PBXFileReference; fileEncoding = 4; lastKnownFileType = sourcecode.c.objc; path = PAArmor.m; sourceTree = "<group>"; };
		2B136EB51822EAA30082A816 /* PAWeapon.h */ = {isa = PBXFileReference; fileEncoding = 4; lastKnownFileType = sourcecode.c.h; path = PAWeapon.h; sourceTree = "<group>"; };
		2B136EB61822EAA30082A816 /* PAWeapon.m */ = {isa = PBXFileReference; fileEncoding = 4; lastKnownFileType = sourcecode.c.objc; path = PAWeapon.m; sourceTree = "<group>"; };
		2B136EB81822EAE50082A816 /* PAPlayer.h */ = {isa = PBXFileReference; fileEncoding = 4; lastKnownFileType = sourcecode.c.h; path = PAPlayer.h; sourceTree = "<group>"; };
		2B136EB91822EAE50082A816 /* PAPlayer.m */ = {isa = PBXFileReference; fileEncoding = 4; lastKnownFileType = sourcecode.c.objc; path = PAPlayer.m; sourceTree = "<group>"; };
		2B136EBB1822EAF30082A816 /* PABoss.h */ = {isa = PBXFileReference; fileEncoding = 4; lastKnownFileType = sourcecode.c.h; path = PABoss.h; sourceTree = "<group>"; };
		2B136EBC1822EAF30082A816 /* PABoss.m */ = {isa = PBXFileReference; fileEncoding = 4; lastKnownFileType = sourcecode.c.objc; path = PABoss.m; sourceTree = "<group>"; };
		2B63CC7118213DC5001352DD /* Pirate Adventure.app */ = {isa = PBXFileReference; explicitFileType = wrapper.application; includeInIndex = 0; path = "Pirate Adventure.app"; sourceTree = BUILT_PRODUCTS_DIR; };
		2B63CC7418213DC5001352DD /* Foundation.framework */ = {isa = PBXFileReference; lastKnownFileType = wrapper.framework; name = Foundation.framework; path = System/Library/Frameworks/Foundation.framework; sourceTree = SDKROOT; };
		2B63CC7618213DC5001352DD /* CoreGraphics.framework */ = {isa = PBXFileReference; lastKnownFileType = wrapper.framework; name = CoreGraphics.framework; path = System/Library/Frameworks/CoreGraphics.framework; sourceTree = SDKROOT; };
		2B63CC7818213DC5001352DD /* UIKit.framework */ = {isa = PBXFileReference; lastKnownFileType = wrapper.framework; name = UIKit.framework; path = System/Library/Frameworks/UIKit.framework; sourceTree = SDKROOT; };
		2B63CC7C18213DC5001352DD /* Pirate Adventure-Info.plist */ = {isa = PBXFileReference; lastKnownFileType = text.plist.xml; path = "Pirate Adventure-Info.plist"; sourceTree = "<group>"; };
		2B63CC7E18213DC5001352DD /* en */ = {isa = PBXFileReference; lastKnownFileType = text.plist.strings; name = en; path = en.lproj/InfoPlist.strings; sourceTree = "<group>"; };
		2B63CC8018213DC5001352DD /* main.m */ = {isa = PBXFileReference; lastKnownFileType = sourcecode.c.objc; path = main.m; sourceTree = "<group>"; };
		2B63CC8218213DC5001352DD /* Pirate Adventure-Prefix.pch */ = {isa = PBXFileReference; lastKnownFileType = sourcecode.c.h; path = "Pirate Adventure-Prefix.pch"; sourceTree = "<group>"; };
		2B63CC8318213DC5001352DD /* PAAppDelegate.h */ = {isa = PBXFileReference; lastKnownFileType = sourcecode.c.h; path = PAAppDelegate.h; sourceTree = "<group>"; };
		2B63CC8418213DC5001352DD /* PAAppDelegate.m */ = {isa = PBXFileReference; lastKnownFileType = sourcecode.c.objc; path = PAAppDelegate.m; sourceTree = "<group>"; };
		2B63CC8718213DC5001352DD /* Base */ = {isa = PBXFileReference; lastKnownFileType = file.storyboard; name = Base; path = Base.lproj/Main.storyboard; sourceTree = "<group>"; };
		2B63CC8918213DC5001352DD /* PAViewController.h */ = {isa = PBXFileReference; lastKnownFileType = sourcecode.c.h; path = PAViewController.h; sourceTree = "<group>"; };
		2B63CC8A18213DC5001352DD /* PAViewController.m */ = {isa = PBXFileReference; lastKnownFileType = sourcecode.c.objc; path = PAViewController.m; sourceTree = "<group>"; };
		2B63CC8C18213DC5001352DD /* Images.xcassets */ = {isa = PBXFileReference; lastKnownFileType = folder.assetcatalog; path = Images.xcassets; sourceTree = "<group>"; };
		2B63CC9218213DC5001352DD /* Pirate AdventureTests.xctest */ = {isa = PBXFileReference; explicitFileType = wrapper.cfbundle; includeInIndex = 0; path = "Pirate AdventureTests.xctest"; sourceTree = BUILT_PRODUCTS_DIR; };
		2B63CC9318213DC5001352DD /* XCTest.framework */ = {isa = PBXFileReference; lastKnownFileType = wrapper.framework; name = XCTest.framework; path = Library/Frameworks/XCTest.framework; sourceTree = DEVELOPER_DIR; };
		2B63CC9B18213DC5001352DD /* Pirate AdventureTests-Info.plist */ = {isa = PBXFileReference; lastKnownFileType = text.plist.xml; path = "Pirate AdventureTests-Info.plist"; sourceTree = "<group>"; };
		2B63CC9D18213DC5001352DD /* en */ = {isa = PBXFileReference; lastKnownFileType = text.plist.strings; name = en; path = en.lproj/InfoPlist.strings; sourceTree = "<group>"; };
		2B63CC9F18213DC5001352DD /* Pirate_AdventureTests.m */ = {isa = PBXFileReference; lastKnownFileType = sourcecode.c.objc; path = Pirate_AdventureTests.m; sourceTree = "<group>"; };
		2B63CCA918219711001352DD /* PATile.h */ = {isa = PBXFileReference; fileEncoding = 4; lastKnownFileType = sourcecode.c.h; path = PATile.h; sourceTree = "<group>"; };
		2B63CCAA18219711001352DD /* PATile.m */ = {isa = PBXFileReference; fileEncoding = 4; lastKnownFileType = sourcecode.c.objc; path = PATile.m; sourceTree = "<group>"; };
		2B63CCAE18219741001352DD /* PAFactory.h */ = {isa = PBXFileReference; fileEncoding = 4; lastKnownFileType = sourcecode.c.h; path = PAFactory.h; sourceTree = "<group>"; };
		2B63CCAF18219741001352DD /* PAFactory.m */ = {isa = PBXFileReference; fileEncoding = 4; lastKnownFileType = sourcecode.c.objc; path = PAFactory.m; sourceTree = "<group>"; };
		2B63CCB118219DDF001352DD /* PirateWeapons.jpeg */ = {isa = PBXFileReference; lastKnownFileType = image.jpeg; path = PirateWeapons.jpeg; sourceTree = "<group>"; };
		2B63CCB218219DDF001352DD /* PirateTreasurer2.jpeg */ = {isa = PBXFileReference; lastKnownFileType = image.jpeg; path = PirateTreasurer2.jpeg; sourceTree = "<group>"; };
		2B63CCB318219DDF001352DD /* PirateTreasure.jpeg */ = {isa = PBXFileReference; lastKnownFileType = image.jpeg; path = PirateTreasure.jpeg; sourceTree = "<group>"; };
		2B63CCB418219DDF001352DD /* PirateStart.jpg */ = {isa = PBXFileReference; lastKnownFileType = image.jpeg; path = PirateStart.jpg; sourceTree = "<group>"; };
		2B63CCB518219DDF001352DD /* PirateShipBattle.jpeg */ = {isa = PBXFileReference; lastKnownFileType = image.jpeg; path = PirateShipBattle.jpeg; sourceTree = "<group>"; };
		2B63CCB618219DDF001352DD /* PiratePlank.jpg */ = {isa = PBXFileReference; lastKnownFileType = image.jpeg; path = PiratePlank.jpg; sourceTree = "<group>"; };
		2B63CCB718219DDF001352DD /* PirateParrot.jpg */ = {isa = PBXFileReference; lastKnownFileType = image.jpeg; path = PirateParrot.jpg; sourceTree = "<group>"; };
		2B63CCB818219DDF001352DD /* PirateOctopusAttack.jpg */ = {isa = PBXFileReference; lastKnownFileType = image.jpeg; path = PirateOctopusAttack.jpg; sourceTree = "<group>"; };
		2B63CCB918219DDF001352DD /* PirateFriendlyDock.jpg */ = {isa = PBXFileReference; lastKnownFileType = image.jpeg; path = PirateFriendlyDock.jpg; sourceTree = "<group>"; };
		2B63CCBA18219DDF001352DD /* PirateBoss.jpeg */ = {isa = PBXFileReference; lastKnownFileType = image.jpeg; path = PirateBoss.jpeg; sourceTree = "<group>"; };
		2B63CCBB18219DDF001352DD /* PirateBlacksmith.jpeg */ = {isa = PBXFileReference; lastKnownFileType = image.jpeg; path = PirateBlacksmith.jpeg; sourceTree = "<group>"; };
		2B63CCBC18219DDF001352DD /* PirateAttack.jpg */ = {isa = PBXFileReference; lastKnownFileType = image.jpeg; path = PirateAttack.jpg; sourceTree = "<group>"; };
		2B9B8D9C1828318200F7DDB8 /* QuartzCore.framework */ = {isa = PBXFileReference; lastKnownFileType = wrapper.framework; name = QuartzCore.framework; path = System/Library/Frameworks/QuartzCore.framework; sourceTree = SDKROOT; };
		2B9B8D9E182831B000F7DDB8 /* Toast+UIView.h */ = {isa = PBXFileReference; fileEncoding = 4; lastKnownFileType = sourcecode.c.h; name = "Toast+UIView.h"; path = "../../../../Desktop/Toast/Toast/Toast/Toast+UIView.h"; sourceTree = "<group>"; };
		2B9B8D9F182831B000F7DDB8 /* Toast+UIView.m */ = {isa = PBXFileReference; fileEncoding = 4; lastKnownFileType = sourcecode.c.objc; name = "Toast+UIView.m"; path = "../../../../Desktop/Toast/Toast/Toast/Toast+UIView.m"; sourceTree = "<group>"; };
/* End PBXFileReference section */

/* Begin PBXFrameworksBuildPhase section */
		2B63CC6E18213DC5001352DD /* Frameworks */ = {
			isa = PBXFrameworksBuildPhase;
			buildActionMask = 2147483647;
			files = (
				2B9B8D9D1828318200F7DDB8 /* QuartzCore.framework in Frameworks */,
				2B63CC7718213DC5001352DD /* CoreGraphics.framework in Frameworks */,
				2B63CC7918213DC5001352DD /* UIKit.framework in Frameworks */,
				2B63CC7518213DC5001352DD /* Foundation.framework in Frameworks */,
			);
			runOnlyForDeploymentPostprocessing = 0;
		};
		2B63CC8F18213DC5001352DD /* Frameworks */ = {
			isa = PBXFrameworksBuildPhase;
			buildActionMask = 2147483647;
			files = (
				2B63CC9418213DC5001352DD /* XCTest.framework in Frameworks */,
				2B63CC9618213DC5001352DD /* UIKit.framework in Frameworks */,
				2B63CC9518213DC5001352DD /* Foundation.framework in Frameworks */,
			);
			runOnlyForDeploymentPostprocessing = 0;
		};
/* End PBXFrameworksBuildPhase section */

/* Begin PBXGroup section */
		2B136EB11822EA780082A816 /* Character */ = {
			isa = PBXGroup;
			children = (
				2B136EB21822EA980082A816 /* PAArmor.h */,
				2B136EB31822EA980082A816 /* PAArmor.m */,
				2B136EB51822EAA30082A816 /* PAWeapon.h */,
				2B136EB61822EAA30082A816 /* PAWeapon.m */,
				2B136EB81822EAE50082A816 /* PAPlayer.h */,
				2B136EB91822EAE50082A816 /* PAPlayer.m */,
				2B136EBB1822EAF30082A816 /* PABoss.h */,
				2B136EBC1822EAF30082A816 /* PABoss.m */,
			);
			name = Character;
			sourceTree = "<group>";
		};
		2B63CC6818213DC5001352DD = {
			isa = PBXGroup;
			children = (
				2B63CC7A18213DC5001352DD /* Pirate Adventure */,
				2B63CC9918213DC5001352DD /* Pirate AdventureTests */,
				2B63CC7318213DC5001352DD /* Frameworks */,
				2B63CC7218213DC5001352DD /* Products */,
			);
			sourceTree = "<group>";
		};
		2B63CC7218213DC5001352DD /* Products */ = {
			isa = PBXGroup;
			children = (
				2B63CC7118213DC5001352DD /* Pirate Adventure.app */,
				2B63CC9218213DC5001352DD /* Pirate AdventureTests.xctest */,
			);
			name = Products;
			sourceTree = "<group>";
		};
		2B63CC7318213DC5001352DD /* Frameworks */ = {
			isa = PBXGroup;
			children = (
				2B9B8D9C1828318200F7DDB8 /* QuartzCore.framework */,
				2B63CC7418213DC5001352DD /* Foundation.framework */,
				2B63CC7618213DC5001352DD /* CoreGraphics.framework */,
				2B63CC7818213DC5001352DD /* UIKit.framework */,
				2B63CC9318213DC5001352DD /* XCTest.framework */,
			);
			name = Frameworks;
			sourceTree = "<group>";
		};
		2B63CC7A18213DC5001352DD /* Pirate Adventure */ = {
			isa = PBXGroup;
			children = (
				2B63CC8918213DC5001352DD /* PAViewController.h */,
				2B63CC8A18213DC5001352DD /* PAViewController.m */,
				2B63CC8618213DC5001352DD /* Main.storyboard */,
				2B136EB11822EA780082A816 /* Character */,
				2B63CCAC18219725001352DD /* Tile */,
				2B63CC8318213DC5001352DD /* PAAppDelegate.h */,
				2B63CC8418213DC5001352DD /* PAAppDelegate.m */,
				2B9B8D9E182831B000F7DDB8 /* Toast+UIView.h */,
				2B9B8D9F182831B000F7DDB8 /* Toast+UIView.m */,
				2B63CC8C18213DC5001352DD /* Images.xcassets */,
				2B63CC7B18213DC5001352DD /* Supporting Files */,
			);
			path = "Pirate Adventure";
			sourceTree = "<group>";
		};
		2B63CC7B18213DC5001352DD /* Supporting Files */ = {
			isa = PBXGroup;
			children = (
				2B63CCBC18219DDF001352DD /* PirateAttack.jpg */,
				2B63CCBB18219DDF001352DD /* PirateBlacksmith.jpeg */,
				2B63CCBA18219DDF001352DD /* PirateBoss.jpeg */,
				2B63CCB918219DDF001352DD /* PirateFriendlyDock.jpg */,
				2B63CCB818219DDF001352DD /* PirateOctopusAttack.jpg */,
				2B63CCB718219DDF001352DD /* PirateParrot.jpg */,
				2B63CCB618219DDF001352DD /* PiratePlank.jpg */,
				2B63CCB518219DDF001352DD /* PirateShipBattle.jpeg */,
				2B63CCB418219DDF001352DD /* PirateStart.jpg */,
				2B63CCB318219DDF001352DD /* PirateTreasure.jpeg */,
				2B63CCB218219DDF001352DD /* PirateTreasurer2.jpeg */,
				2B63CCB118219DDF001352DD /* PirateWeapons.jpeg */,
				2B63CC7D18213DC5001352DD /* InfoPlist.strings */,
				2B63CC8018213DC5001352DD /* main.m */,
				2B63CC7C18213DC5001352DD /* Pirate Adventure-Info.plist */,
				2B63CC8218213DC5001352DD /* Pirate Adventure-Prefix.pch */,
			);
			name = "Supporting Files";
			sourceTree = "<group>";
		};
		2B63CC9918213DC5001352DD /* Pirate AdventureTests */ = {
			isa = PBXGroup;
			children = (
				2B63CC9F18213DC5001352DD /* Pirate_AdventureTests.m */,
				2B63CC9A18213DC5001352DD /* Supporting Files */,
			);
			path = "Pirate AdventureTests";
			sourceTree = "<group>";
		};
		2B63CC9A18213DC5001352DD /* Supporting Files */ = {
			isa = PBXGroup;
			children = (
				2B63CC9B18213DC5001352DD /* Pirate AdventureTests-Info.plist */,
				2B63CC9C18213DC5001352DD /* InfoPlist.strings */,
			);
			name = "Supporting Files";
			sourceTree = "<group>";
		};
		2B63CCAC18219725001352DD /* Tile */ = {
			isa = PBXGroup;
			children = (
				2B63CCA918219711001352DD /* PATile.h */,
				2B63CCAA18219711001352DD /* PATile.m */,
				2B63CCAD1821972F001352DD /* Factory */,
			);
			name = Tile;
			sourceTree = "<group>";
		};
		2B63CCAD1821972F001352DD /* Factory */ = {
			isa = PBXGroup;
			children = (
				2B63CCAE18219741001352DD /* PAFactory.h */,
				2B63CCAF18219741001352DD /* PAFactory.m */,
			);
			name = Factory;
			sourceTree = "<group>";
		};
/* End PBXGroup section */

/* Begin PBXNativeTarget section */
		2B63CC7018213DC5001352DD /* Pirate Adventure */ = {
			isa = PBXNativeTarget;
			buildConfigurationList = 2B63CCA318213DC5001352DD /* Build configuration list for PBXNativeTarget "Pirate Adventure" */;
			buildPhases = (
				2B63CC6D18213DC5001352DD /* Sources */,
				2B63CC6E18213DC5001352DD /* Frameworks */,
				2B63CC6F18213DC5001352DD /* Resources */,
			);
			buildRules = (
			);
			dependencies = (
			);
			name = "Pirate Adventure";
			productName = "Pirate Adventure";
			productReference = 2B63CC7118213DC5001352DD /* Pirate Adventure.app */;
			productType = "com.apple.product-type.application";
		};
		2B63CC9118213DC5001352DD /* Pirate AdventureTests */ = {
			isa = PBXNativeTarget;
			buildConfigurationList = 2B63CCA618213DC5001352DD /* Build configuration list for PBXNativeTarget "Pirate AdventureTests" */;
			buildPhases = (
				2B63CC8E18213DC5001352DD /* Sources */,
				2B63CC8F18213DC5001352DD /* Frameworks */,
				2B63CC9018213DC5001352DD /* Resources */,
			);
			buildRules = (
			);
			dependencies = (
				2B63CC9818213DC5001352DD /* PBXTargetDependency */,
			);
			name = "Pirate AdventureTests";
			productName = "Pirate AdventureTests";
			productReference = 2B63CC9218213DC5001352DD /* Pirate AdventureTests.xctest */;
			productType = "com.apple.product-type.bundle.unit-test";
		};
/* End PBXNativeTarget section */

/* Begin PBXProject section */
		2B63CC6918213DC5001352DD /* Project object */ = {
			isa = PBXProject;
			attributes = {
				CLASSPREFIX = PA;
				LastUpgradeCheck = 0500;
				ORGANIZATIONNAME = "Vandelay Industries";
				TargetAttributes = {
					2B63CC9118213DC5001352DD = {
						TestTargetID = 2B63CC7018213DC5001352DD;
					};
				};
			};
			buildConfigurationList = 2B63CC6C18213DC5001352DD /* Build configuration list for PBXProject "Pirate Adventure" */;
			compatibilityVersion = "Xcode 3.2";
			developmentRegion = English;
			hasScannedForEncodings = 0;
			knownRegions = (
				en,
				Base,
			);
			mainGroup = 2B63CC6818213DC5001352DD;
			productRefGroup = 2B63CC7218213DC5001352DD /* Products */;
			projectDirPath = "";
			projectRoot = "";
			targets = (
				2B63CC7018213DC5001352DD /* Pirate Adventure */,
				2B63CC9118213DC5001352DD /* Pirate AdventureTests */,
			);
		};
/* End PBXProject section */

/* Begin PBXResourcesBuildPhase section */
		2B63CC6F18213DC5001352DD /* Resources */ = {
			isa = PBXResourcesBuildPhase;
			buildActionMask = 2147483647;
			files = (
				2B63CCBD18219DDF001352DD /* PirateWeapons.jpeg in Resources */,
				2B63CCC018219DDF001352DD /* PirateStart.jpg in Resources */,
				2B63CCC618219DDF001352DD /* PirateBoss.jpeg in Resources */,
				2B63CCC318219DDF001352DD /* PirateParrot.jpg in Resources */,
				2B63CCC218219DDF001352DD /* PiratePlank.jpg in Resources */,
				2B63CC8D18213DC5001352DD /* Images.xcassets in Resources */,
				2B63CC7F18213DC5001352DD /* InfoPlist.strings in Resources */,
				2B63CC8818213DC5001352DD /* Main.storyboard in Resources */,
				2B63CCC418219DDF001352DD /* PirateOctopusAttack.jpg in Resources */,
				2B63CCC818219DDF001352DD /* PirateAttack.jpg in Resources */,
				2B63CCC518219DDF001352DD /* PirateFriendlyDock.jpg in Resources */,
				2B63CCBE18219DDF001352DD /* PirateTreasurer2.jpeg in Resources */,
				2B63CCC118219DDF001352DD /* PirateShipBattle.jpeg in Resources */,
				2B63CCC718219DDF001352DD /* PirateBlacksmith.jpeg in Resources */,
				2B63CCBF18219DDF001352DD /* PirateTreasure.jpeg in Resources */,
			);
			runOnlyForDeploymentPostprocessing = 0;
		};
		2B63CC9018213DC5001352DD /* Resources */ = {
			isa = PBXResourcesBuildPhase;
			buildActionMask = 2147483647;
			files = (
				2B63CC9E18213DC5001352DD /* InfoPlist.strings in Resources */,
			);
			runOnlyForDeploymentPostprocessing = 0;
		};
/* End PBXResourcesBuildPhase section */

/* Begin PBXSourcesBuildPhase section */
		2B63CC6D18213DC5001352DD /* Sources */ = {
			isa = PBXSourcesBuildPhase;
			buildActionMask = 2147483647;
			files = (
				2B63CC8118213DC5001352DD /* main.m in Sources */,
				2B63CCB018219741001352DD /* PAFactory.m in Sources */,
				2B63CC8B18213DC5001352DD /* PAViewController.m in Sources */,
				2B136EBA1822EAE50082A816 /* PAPlayer.m in Sources */,
				2B63CCAB18219711001352DD /* PATile.m in Sources */,
				2B136EB41822EA980082A816 /* PAArmor.m in Sources */,
				2B9B8DA0182831B000F7DDB8 /* Toast+UIView.m in Sources */,
				2B136EB71822EAA30082A816 /* PAWeapon.m in Sources */,
				2B63CC8518213DC5001352DD /* PAAppDelegate.m in Sources */,
				2B136EBD1822EAF30082A816 /* PABoss.m in Sources */,
			);
			runOnlyForDeploymentPostprocessing = 0;
		};
		2B63CC8E18213DC5001352DD /* Sources */ = {
			isa = PBXSourcesBuildPhase;
			buildActionMask = 2147483647;
			files = (
				2B63CCA018213DC5001352DD /* Pirate_AdventureTests.m in Sources */,
			);
			runOnlyForDeploymentPostprocessing = 0;
		};
/* End PBXSourcesBuildPhase section */

/* Begin PBXTargetDependency section */
		2B63CC9818213DC5001352DD /* PBXTargetDependency */ = {
			isa = PBXTargetDependency;
			target = 2B63CC7018213DC5001352DD /* Pirate Adventure */;
			targetProxy = 2B63CC9718213DC5001352DD /* PBXContainerItemProxy */;
		};
/* End PBXTargetDependency section */

/* Begin PBXVariantGroup section */
		2B63CC7D18213DC5001352DD /* InfoPlist.strings */ = {
			isa = PBXVariantGroup;
			children = (
				2B63CC7E18213DC5001352DD /* en */,
			);
			name = InfoPlist.strings;
			sourceTree = "<group>";
		};
		2B63CC8618213DC5001352DD /* Main.storyboard */ = {
			isa = PBXVariantGroup;
			children = (
				2B63CC8718213DC5001352DD /* Base */,
			);
			name = Main.storyboard;
			sourceTree = "<group>";
		};
		2B63CC9C18213DC5001352DD /* InfoPlist.strings */ = {
			isa = PBXVariantGroup;
			children = (
				2B63CC9D18213DC5001352DD /* en */,
			);
			name = InfoPlist.strings;
			sourceTree = "<group>";
		};
/* End PBXVariantGroup section */

/* Begin XCBuildConfiguration section */
		2B63CCA118213DC5001352DD /* Debug */ = {
			isa = XCBuildConfiguration;
			buildSettings = {
				ALWAYS_SEARCH_USER_PATHS = NO;
				ARCHS = "$(ARCHS_STANDARD_INCLUDING_64_BIT)";
				CLANG_CXX_LANGUAGE_STANDARD = "gnu++0x";
				CLANG_CXX_LIBRARY = "libc++";
				CLANG_ENABLE_MODULES = YES;
				CLANG_ENABLE_OBJC_ARC = YES;
				CLANG_WARN_BOOL_CONVERSION = YES;
				CLANG_WARN_CONSTANT_CONVERSION = YES;
				CLANG_WARN_DIRECT_OBJC_ISA_USAGE = YES_ERROR;
				CLANG_WARN_EMPTY_BODY = YES;
				CLANG_WARN_ENUM_CONVERSION = YES;
				CLANG_WARN_INT_CONVERSION = YES;
				CLANG_WARN_OBJC_ROOT_CLASS = YES_ERROR;
				CLANG_WARN__DUPLICATE_METHOD_MATCH = YES;
				"CODE_SIGN_IDENTITY[sdk=iphoneos*]" = "iPhone Developer";
				COPY_PHASE_STRIP = NO;
				GCC_C_LANGUAGE_STANDARD = gnu99;
				GCC_DYNAMIC_NO_PIC = NO;
				GCC_OPTIMIZATION_LEVEL = 0;
				GCC_PREPROCESSOR_DEFINITIONS = (
					"DEBUG=1",
					"$(inherited)",
				);
				GCC_SYMBOLS_PRIVATE_EXTERN = NO;
				GCC_WARN_64_TO_32_BIT_CONVERSION = YES;
				GCC_WARN_ABOUT_RETURN_TYPE = YES_ERROR;
				GCC_WARN_UNDECLARED_SELECTOR = YES;
				GCC_WARN_UNINITIALIZED_AUTOS = YES;
				GCC_WARN_UNUSED_FUNCTION = YES;
				GCC_WARN_UNUSED_VARIABLE = YES;
				IPHONEOS_DEPLOYMENT_TARGET = 7.0;
				ONLY_ACTIVE_ARCH = YES;
				SDKROOT = iphoneos;
			};
			name = Debug;
		};
		2B63CCA218213DC5001352DD /* Release */ = {
			isa = XCBuildConfiguration;
			buildSettings = {
				ALWAYS_SEARCH_USER_PATHS = NO;
				ARCHS = "$(ARCHS_STANDARD_INCLUDING_64_BIT)";
				CLANG_CXX_LANGUAGE_STANDARD = "gnu++0x";
				CLANG_CXX_LIBRARY = "libc++";
				CLANG_ENABLE_MODULES = YES;
				CLANG_ENABLE_OBJC_ARC = YES;
				CLANG_WARN_BOOL_CONVERSION = YES;
				CLANG_WARN_CONSTANT_CONVERSION = YES;
				CLANG_WARN_DIRECT_OBJC_ISA_USAGE = YES_ERROR;
				CLANG_WARN_EMPTY_BODY = YES;
				CLANG_WARN_ENUM_CONVERSION = YES;
				CLANG_WARN_INT_CONVERSION = YES;
				CLANG_WARN_OBJC_ROOT_CLASS = YES_ERROR;
				CLANG_WARN__DUPLICATE_METHOD_MATCH = YES;
				"CODE_SIGN_IDENTITY[sdk=iphoneos*]" = "iPhone Developer";
				COPY_PHASE_STRIP = YES;
				ENABLE_NS_ASSERTIONS = NO;
				GCC_C_LANGUAGE_STANDARD = gnu99;
				GCC_WARN_64_TO_32_BIT_CONVERSION = YES;
				GCC_WARN_ABOUT_RETURN_TYPE = YES_ERROR;
				GCC_WARN_UNDECLARED_SELECTOR = YES;
				GCC_WARN_UNINITIALIZED_AUTOS = YES;
				GCC_WARN_UNUSED_FUNCTION = YES;
				GCC_WARN_UNUSED_VARIABLE = YES;
				IPHONEOS_DEPLOYMENT_TARGET = 7.0;
				SDKROOT = iphoneos;
				VALIDATE_PRODUCT = YES;
			};
			name = Release;
		};
		2B63CCA418213DC5001352DD /* Debug */ = {
			isa = XCBuildConfiguration;
			buildSettings = {
				ASSETCATALOG_COMPILER_APPICON_NAME = AppIcon;
				ASSETCATALOG_COMPILER_LAUNCHIMAGE_NAME = LaunchImage;
				GCC_PRECOMPILE_PREFIX_HEADER = YES;
				GCC_PREFIX_HEADER = "Pirate Adventure/Pirate Adventure-Prefix.pch";
				INFOPLIST_FILE = "Pirate Adventure/Pirate Adventure-Info.plist";
				PRODUCT_NAME = "$(TARGET_NAME)";
				WRAPPER_EXTENSION = app;
			};
			name = Debug;
		};
		2B63CCA518213DC5001352DD /* Release */ = {
			isa = XCBuildConfiguration;
			buildSettings = {
				ASSETCATALOG_COMPILER_APPICON_NAME = AppIcon;
				ASSETCATALOG_COMPILER_LAUNCHIMAGE_NAME = LaunchImage;
				GCC_PRECOMPILE_PREFIX_HEADER = YES;
				GCC_PREFIX_HEADER = "Pirate Adventure/Pirate Adventure-Prefix.pch";
				INFOPLIST_FILE = "Pirate Adventure/Pirate Adventure-Info.plist";
				PRODUCT_NAME = "$(TARGET_NAME)";
				WRAPPER_EXTENSION = app;
			};
			name = Release;
		};
		2B63CCA718213DC5001352DD /* Debug */ = {
			isa = XCBuildConfiguration;
			buildSettings = {
				ARCHS = "$(ARCHS_STANDARD_INCLUDING_64_BIT)";
				BUNDLE_LOADER = "$(BUILT_PRODUCTS_DIR)/Pirate Adventure.app/Pirate Adventure";
				FRAMEWORK_SEARCH_PATHS = (
					"$(SDKROOT)/Developer/Library/Frameworks",
					"$(inherited)",
					"$(DEVELOPER_FRAMEWORKS_DIR)",
				);
				GCC_PRECOMPILE_PREFIX_HEADER = YES;
				GCC_PREFIX_HEADER = "Pirate Adventure/Pirate Adventure-Prefix.pch";
				GCC_PREPROCESSOR_DEFINITIONS = (
					"DEBUG=1",
					"$(inherited)",
				);
				INFOPLIST_FILE = "Pirate AdventureTests/Pirate AdventureTests-Info.plist";
				PRODUCT_NAME = "$(TARGET_NAME)";
				TEST_HOST = "$(BUNDLE_LOADER)";
				WRAPPER_EXTENSION = xctest;
			};
			name = Debug;
		};
		2B63CCA818213DC5001352DD /* Release */ = {
			isa = XCBuildConfiguration;
			buildSettings = {
				ARCHS = "$(ARCHS_STANDARD_INCLUDING_64_BIT)";
				BUNDLE_LOADER = "$(BUILT_PRODUCTS_DIR)/Pirate Adventure.app/Pirate Adventure";
				FRAMEWORK_SEARCH_PATHS = (
					"$(SDKROOT)/Developer/Library/Frameworks",
					"$(inherited)",
					"$(DEVELOPER_FRAMEWORKS_DIR)",
				);
				GCC_PRECOMPILE_PREFIX_HEADER = YES;
				GCC_PREFIX_HEADER = "Pirate Adventure/Pirate Adventure-Prefix.pch";
				INFOPLIST_FILE = "Pirate AdventureTests/Pirate AdventureTests-Info.plist";
				PRODUCT_NAME = "$(TARGET_NAME)";
				TEST_HOST = "$(BUNDLE_LOADER)";
				WRAPPER_EXTENSION = xctest;
			};
			name = Release;
		};
/* End XCBuildConfiguration section */

/* Begin XCConfigurationList section */
		2B63CC6C18213DC5001352DD /* Build configuration list for PBXProject "Pirate Adventure" */ = {
			isa = XCConfigurationList;
			buildConfigurations = (
				2B63CCA118213DC5001352DD /* Debug */,
				2B63CCA218213DC5001352DD /* Release */,
			);
			defaultConfigurationIsVisible = 0;
			defaultConfigurationName = Release;
		};
		2B63CCA318213DC5001352DD /* Build configuration list for PBXNativeTarget "Pirate Adventure" */ = {
			isa = XCConfigurationList;
			buildConfigurations = (
				2B63CCA418213DC5001352DD /* Debug */,
				2B63CCA518213DC5001352DD /* Release */,
			);
			defaultConfigurationIsVisible = 0;
			defaultConfigurationName = Release;
		};
		2B63CCA618213DC5001352DD /* Build configuration list for PBXNativeTarget "Pirate AdventureTests" */ = {
			isa = XCConfigurationList;
			buildConfigurations = (
				2B63CCA718213DC5001352DD /* Debug */,
				2B63CCA818213DC5001352DD /* Release */,
			);
			defaultConfigurationIsVisible = 0;
			defaultConfigurationName = Release;
		};
/* End XCConfigurationList section */
	};
	rootObject = 2B63CC6918213DC5001352DD /* Project object */;
}
